// !$*UTF8*$!
{
	archiveVersion = 1;
	classes = {
	};
	objectVersion = 46;
	objects = {

/* Begin PBXBuildFile section */
		D70CAA4B1DADBAB200E9B54F /* main.swift in Sources */ = {isa = PBXBuildFile; fileRef = D70CAA4A1DADBAB200E9B54F /* main.swift */; };
		D70CAA521DADBBF500E9B54F /* io.swift in Sources */ = {isa = PBXBuildFile; fileRef = D70CAA511DADBBF500E9B54F /* io.swift */; };
		D70CAA541DADBC1200E9B54F /* interactive.swift in Sources */ = {isa = PBXBuildFile; fileRef = D70CAA531DADBC1200E9B54F /* interactive.swift */; };
		D70CAA561DADC28100E9B54F /* person.swift in Sources */ = {isa = PBXBuildFile; fileRef = D70CAA551DADC28100E9B54F /* person.swift */; };
		D70CAA581DADC29400E9B54F /* animal.swift in Sources */ = {isa = PBXBuildFile; fileRef = D70CAA571DADC29400E9B54F /* animal.swift */; };
		D70CAA5A1DADC2AE00E9B54F /* zoo.swift in Sources */ = {isa = PBXBuildFile; fileRef = D70CAA591DADC2AE00E9B54F /* zoo.swift */; };
/* End PBXBuildFile section */

/* Begin PBXCopyFilesBuildPhase section */
		D70CAA451DADBAB200E9B54F /* CopyFiles */ = {
			isa = PBXCopyFilesBuildPhase;
			buildActionMask = 2147483647;
			dstPath = /usr/share/man/man1/;
			dstSubfolderSpec = 0;
			files = (
			);
			runOnlyForDeploymentPostprocessing = 1;
		};
/* End PBXCopyFilesBuildPhase section */

/* Begin PBXFileReference section */
		D70CAA471DADBAB200E9B54F /* zoo */ = {isa = PBXFileReference; explicitFileType = "compiled.mach-o.executable"; includeInIndex = 0; path = zoo; sourceTree = BUILT_PRODUCTS_DIR; };
		D70CAA4A1DADBAB200E9B54F /* main.swift */ = {isa = PBXFileReference; lastKnownFileType = sourcecode.swift; path = main.swift; sourceTree = "<group>"; };
		D70CAA511DADBBF500E9B54F /* io.swift */ = {isa = PBXFileReference; fileEncoding = 4; lastKnownFileType = sourcecode.swift; path = io.swift; sourceTree = "<group>"; };
		D70CAA531DADBC1200E9B54F /* interactive.swift */ = {isa = PBXFileReference; fileEncoding = 4; lastKnownFileType = sourcecode.swift; path = interactive.swift; sourceTree = "<group>"; };
		D70CAA551DADC28100E9B54F /* person.swift */ = {isa = PBXFileReference; fileEncoding = 4; lastKnownFileType = sourcecode.swift; path = person.swift; sourceTree = "<group>"; };
		D70CAA571DADC29400E9B54F /* animal.swift */ = {isa = PBXFileReference; fileEncoding = 4; lastKnownFileType = sourcecode.swift; path = animal.swift; sourceTree = "<group>"; };
		D70CAA591DADC2AE00E9B54F /* zoo.swift */ = {isa = PBXFileReference; fileEncoding = 4; lastKnownFileType = sourcecode.swift; path = zoo.swift; sourceTree = "<group>"; };
/* End PBXFileReference section */

/* Begin PBXFrameworksBuildPhase section */
		D70CAA441DADBAB200E9B54F /* Frameworks */ = {
			isa = PBXFrameworksBuildPhase;
			buildActionMask = 2147483647;
			files = (
			);
			runOnlyForDeploymentPostprocessing = 0;
		};
/* End PBXFrameworksBuildPhase section */

/* Begin PBXGroup section */
		D70CAA3E1DADBAB200E9B54F = {
			isa = PBXGroup;
			children = (
				D70CAA491DADBAB200E9B54F /* zoo */,
				D70CAA481DADBAB200E9B54F /* Products */,
			);
			sourceTree = "<group>";
		};
		D70CAA481DADBAB200E9B54F /* Products */ = {
			isa = PBXGroup;
			children = (
				D70CAA471DADBAB200E9B54F /* zoo */,
			);
			name = Products;
			sourceTree = "<group>";
		};
		D70CAA491DADBAB200E9B54F /* zoo */ = {
			isa = PBXGroup;
			children = (
				D70CAA4A1DADBAB200E9B54F /* main.swift */,
				D70CAA511DADBBF500E9B54F /* io.swift */,
				D70CAA531DADBC1200E9B54F /* interactive.swift */,
				D70CAA571DADC29400E9B54F /* animal.swift */,
				D70CAA551DADC28100E9B54F /* person.swift */,
				D70CAA591DADC2AE00E9B54F /* zoo.swift */,
			);
			path = zoo;
			sourceTree = "<group>";
		};
/* End PBXGroup section */

/* Begin PBXNativeTarget section */
		D70CAA461DADBAB200E9B54F /* zoo */ = {
			isa = PBXNativeTarget;
			buildConfigurationList = D70CAA4E1DADBAB200E9B54F /* Build configuration list for PBXNativeTarget "zoo" */;
			buildPhases = (
				D70CAA431DADBAB200E9B54F /* Sources */,
				D70CAA441DADBAB200E9B54F /* Frameworks */,
				D70CAA451DADBAB200E9B54F /* CopyFiles */,
			);
			buildRules = (
			);
			dependencies = (
			);
			name = zoo;
			productName = zoo;
			productReference = D70CAA471DADBAB200E9B54F /* zoo */;
			productType = "com.apple.product-type.tool";
		};
/* End PBXNativeTarget section */

/* Begin PBXProject section */
		D70CAA3F1DADBAB200E9B54F /* Project object */ = {
			isa = PBXProject;
			attributes = {
				LastSwiftUpdateCheck = 0800;
				LastUpgradeCheck = 0800;
				ORGANIZATIONNAME = Interapt;
				TargetAttributes = {
					D70CAA461DADBAB200E9B54F = {
						CreatedOnToolsVersion = 8.0;
						ProvisioningStyle = Automatic;
					};
				};
			};
			buildConfigurationList = D70CAA421DADBAB200E9B54F /* Build configuration list for PBXProject "zoo" */;
			compatibilityVersion = "Xcode 3.2";
			developmentRegion = English;
			hasScannedForEncodings = 0;
			knownRegions = (
				en,
			);
			mainGroup = D70CAA3E1DADBAB200E9B54F;
			productRefGroup = D70CAA481DADBAB200E9B54F /* Products */;
			projectDirPath = "";
			projectRoot = "";
			targets = (
				D70CAA461DADBAB200E9B54F /* zoo */,
			);
		};
/* End PBXProject section */

/* Begin PBXSourcesBuildPhase section */
		D70CAA431DADBAB200E9B54F /* Sources */ = {
			isa = PBXSourcesBuildPhase;
			buildActionMask = 2147483647;
			files = (
				D70CAA4B1DADBAB200E9B54F /* main.swift in Sources */,
				D70CAA541DADBC1200E9B54F /* interactive.swift in Sources */,
				D70CAA561DADC28100E9B54F /* person.swift in Sources */,
				D70CAA521DADBBF500E9B54F /* io.swift in Sources */,
				D70CAA5A1DADC2AE00E9B54F /* zoo.swift in Sources */,
				D70CAA581DADC29400E9B54F /* animal.swift in Sources */,
			);
			runOnlyForDeploymentPostprocessing = 0;
		};
/* End PBXSourcesBuildPhase section */

/* Begin XCBuildConfiguration section */
		D70CAA4C1DADBAB200E9B54F /* Debug */ = {
			isa = XCBuildConfiguration;
			buildSettings = {
				ALWAYS_SEARCH_USER_PATHS = NO;
				CLANG_ANALYZER_NONNULL = YES;
				CLANG_CXX_LANGUAGE_STANDARD = "gnu++0x";
				CLANG_CXX_LIBRARY = "libc++";
				CLANG_ENABLE_MODULES = YES;
				CLANG_ENABLE_OBJC_ARC = YES;
				CLANG_WARN_BOOL_CONVERSION = YES;
				CLANG_WARN_CONSTANT_CONVERSION = YES;
				CLANG_WARN_DIRECT_OBJC_ISA_USAGE = YES_ERROR;
				CLANG_WARN_DOCUMENTATION_COMMENTS = YES;
				CLANG_WARN_EMPTY_BODY = YES;
				CLANG_WARN_ENUM_CONVERSION = YES;
				CLANG_WARN_INFINITE_RECURSION = YES;
				CLANG_WARN_INT_CONVERSION = YES;
				CLANG_WARN_OBJC_ROOT_CLASS = YES_ERROR;
				CLANG_WARN_SUSPICIOUS_MOVES = YES;
				CLANG_WARN_UNREACHABLE_CODE = YES;
				CLANG_WARN__DUPLICATE_METHOD_MATCH = YES;
				CODE_SIGN_IDENTITY = "-";
				COPY_PHASE_STRIP = NO;
				DEBUG_INFORMATION_FORMAT = dwarf;
				ENABLE_STRICT_OBJC_MSGSEND = YES;
				ENABLE_TESTABILITY = YES;
				GCC_C_LANGUAGE_STANDARD = gnu99;
				GCC_DYNAMIC_NO_PIC = NO;
				GCC_NO_COMMON_BLOCKS = YES;
				GCC_OPTIMIZATION_LEVEL = 0;
				GCC_PREPROCESSOR_DEFINITIONS = (
					"DEBUG=1",
					"$(inherited)",
				);
				GCC_WARN_64_TO_32_BIT_CONVERSION = YES;
				GCC_WARN_ABOUT_RETURN_TYPE = YES_ERROR;
				GCC_WARN_UNDECLARED_SELECTOR = YES;
				GCC_WARN_UNINITIALIZED_AUTOS = YES_AGGRESSIVE;
				GCC_WARN_UNUSED_FUNCTION = YES;
				GCC_WARN_UNUSED_VARIABLE = YES;
				MACOSX_DEPLOYMENT_TARGET = 10.11;
				MTL_ENABLE_DEBUG_INFO = YES;
				ONLY_ACTIVE_ARCH = YES;
				SDKROOT = macosx;
				SWIFT_OPTIMIZATION_LEVEL = "-Onone";
			};
			name = Debug;
		};
		D70CAA4D1DADBAB200E9B54F /* Release */ = {
			isa = XCBuildConfiguration;
			buildSettings = {
				ALWAYS_SEARCH_USER_PATHS = NO;
				CLANG_ANALYZER_NONNULL = YES;
				CLANG_CXX_LANGUAGE_STANDARD = "gnu++0x";
				CLANG_CXX_LIBRARY = "libc++";
				CLANG_ENABLE_MODULES = YES;
				CLANG_ENABLE_OBJC_ARC = YES;
				CLANG_WARN_BOOL_CONVERSION = YES;
				CLANG_WARN_CONSTANT_CONVERSION = YES;
				CLANG_WARN_DIRECT_OBJC_ISA_USAGE = YES_ERROR;
				CLANG_WARN_DOCUMENTATION_COMMENTS = YES;
				CLANG_WARN_EMPTY_BODY = YES;
				CLANG_WARN_ENUM_CONVERSION = YES;
				CLANG_WARN_INFINITE_RECURSION = YES;
				CLANG_WARN_INT_CONVERSION = YES;
				CLANG_WARN_OBJC_ROOT_CLASS = YES_ERROR;
				CLANG_WARN_SUSPICIOUS_MOVES = YES;
				CLANG_WARN_UNREACHABLE_CODE = YES;
				CLANG_WARN__DUPLICATE_METHOD_MATCH = YES;
				CODE_SIGN_IDENTITY = "-";
				COPY_PHASE_STRIP = NO;
				DEBUG_INFORMATION_FORMAT = "dwarf-with-dsym";
				ENABLE_NS_ASSERTIONS = NO;
				ENABLE_STRICT_OBJC_MSGSEND = YES;
				GCC_C_LANGUAGE_STANDARD = gnu99;
				GCC_NO_COMMON_BLOCKS = YES;
				GCC_WARN_64_TO_32_BIT_CONVERSION = YES;
				GCC_WARN_ABOUT_RETURN_TYPE = YES_ERROR;
				GCC_WARN_UNDECLARED_SELECTOR = YES;
				GCC_WARN_UNINITIALIZED_AUTOS = YES_AGGRESSIVE;
				GCC_WARN_UNUSED_FUNCTION = YES;
				GCC_WARN_UNUSED_VARIABLE = YES;
				MACOSX_DEPLOYMENT_TARGET = 10.11;
				MTL_ENABLE_DEBUG_INFO = NO;
				SDKROOT = macosx;
			};
			name = Release;
		};
		D70CAA4F1DADBAB200E9B54F /* Debug */ = {
			isa = XCBuildConfiguration;
			buildSettings = {
				PRODUCT_NAME = "$(TARGET_NAME)";
				SWIFT_VERSION = 3.0;
			};
			name = Debug;
		};
		D70CAA501DADBAB200E9B54F /* Release */ = {
			isa = XCBuildConfiguration;
			buildSettings = {
				PRODUCT_NAME = "$(TARGET_NAME)";
				SWIFT_VERSION = 3.0;
			};
			name = Release;
		};
/* End XCBuildConfiguration section */

/* Begin XCConfigurationList section */
		D70CAA421DADBAB200E9B54F /* Build configuration list for PBXProject "zoo" */ = {
			isa = XCConfigurationList;
			buildConfigurations = (
				D70CAA4C1DADBAB200E9B54F /* Debug */,
				D70CAA4D1DADBAB200E9B54F /* Release */,
			);
			defaultConfigurationIsVisible = 0;
			defaultConfigurationName = Release;
		};
		D70CAA4E1DADBAB200E9B54F /* Build configuration list for PBXNativeTarget "zoo" */ = {
			isa = XCConfigurationList;
			buildConfigurations = (
				D70CAA4F1DADBAB200E9B54F /* Debug */,
				D70CAA501DADBAB200E9B54F /* Release */,
			);
			defaultConfigurationIsVisible = 0;
			defaultConfigurationName = Release;
		};
/* End XCConfigurationList section */
	};
	rootObject = D70CAA3F1DADBAB200E9B54F /* Project object */;
}
